{
    "_meta": {
        "hash": {
            "sha256": "6f5434d0df9f3c48f2c8305de577bcbfb207d70c9233ebd654fca1fc5097998c"
        },
        "pipfile-spec": 6,
        "requires": {
            "python_version": "3.7"
        },
        "sources": [
            {
                "name": "pypi",
                "url": "https://pypi.org/simple",
                "verify_ssl": true
            }
        ]
    },
    "default": {},
    "develop": {
        "pycodestyle": {
            "hashes": [
                "sha256:95a2219d12372f05704562a14ec30bc76b05a5b297b21a5dfe3f6fac3491ae56",
                "sha256:e40a936c9a450ad81df37f549d676d127b1b66000a6c500caa2b085bc0ca976c"
            ],
            "index": "pypi",
            "version": "==2.5.0"
        },
        "pyflakes": {
            "hashes": [
                "sha256:17dbeb2e3f4d772725c777fabc446d5634d1038f234e77343108ce445ea69ce0",
                "sha256:d976835886f8c5b31d47970ed689944a0262b5f3afa00a5a7b4dc81e5449f8a2"
            ],
            "index": "pypi",
            "version": "==2.1.1"
        },
        "pyment": {
            "hashes": [
                "sha256:951a4c52d6791ccec55bc739811169eed69917d3874f5fe722866623a697f39d",
                "sha256:a0c6ec59d06d24aeec3eaecb22115d0dc95d09e14209b2df838381fdf47a78cc"
            ],
            "index": "pypi",
            "version": "==0.3.3"
        }
    }
}
